
Microsoft Visual Studio Solution File, Format Version 11.00
# Visual Studio 2010
Project("{FAE04EC0-301F-11D3-BF4B-00C04F79EFBC}") = "Lasp.Runtime", "Lasp.Runtime.csproj", "{e3f187a7-a8fe-2b56-469f-9918e6a403a0}"
EndProject
Project("{FAE04EC0-301F-11D3-BF4B-00C04F79EFBC}") = "Lasp.Editor", "Lasp.Editor.csproj", "{41b7ce3c-91d4-92b0-61ea-c48ea025334b}"
EndProject
Project("{FAE04EC0-301F-11D3-BF4B-00C04F79EFBC}") = "Assembly-CSharp", "Assembly-CSharp.csproj", "{bbe6ba3a-974c-7fca-9559-74a17643c2ed}"
EndProject
Global
	GlobalSection(SolutionConfigurationPlatforms) = preSolution
		Debug|Any CPU = Debug|Any CPU
	EndGlobalSection
	GlobalSection(ProjectConfigurationPlatforms) = postSolution
		{e3f187a7-a8fe-2b56-469f-9918e6a403a0}.Debug|Any CPU.ActiveCfg = Debug|Any CPU
		{e3f187a7-a8fe-2b56-469f-9918e6a403a0}.Debug|Any CPU.Build.0 = Debug|Any CPU
		{41b7ce3c-91d4-92b0-61ea-c48ea025334b}.Debug|Any CPU.ActiveCfg = Debug|Any CPU
		{41b7ce3c-91d4-92b0-61ea-c48ea025334b}.Debug|Any CPU.Build.0 = Debug|Any CPU
		{bbe6ba3a-974c-7fca-9559-74a17643c2ed}.Debug|Any CPU.ActiveCfg = Debug|Any CPU
		{bbe6ba3a-974c-7fca-9559-74a17643c2ed}.Debug|Any CPU.Build.0 = Debug|Any CPU
	EndGlobalSection
	GlobalSection(SolutionProperties) = preSolution
		HideSolutionNode = FALSE
	EndGlobalSection
EndGlobal
